
Microsoft Visual Studio Solution File, Format Version 12.00
# Visual Studio 2013
VisualStudioVersion = 12.0.31101.0
MinimumVisualStudioVersion = 10.0.40219.1
Project("{FAE04EC0-301F-11D3-BF4B-00C04F79EFBC}") = "DOMAIN", "DOMAIN\DOMAIN.csproj", "{7C32CD34-F6C0-4BA8-AE02-A32D96EFB12A}"
EndProject
Project("{FAE04EC0-301F-11D3-BF4B-00C04F79EFBC}") = "Testes", "Testes\Testes.csproj", "{B945475E-F663-4BD5-A826-8A0ED7C1C8EA}"
EndProject
Project("{FAE04EC0-301F-11D3-BF4B-00C04F79EFBC}") = "APITeste", "APITeste\APITeste.csproj", "{A363FB35-CE44-41FC-B1D4-193B6D4FDFF8}"
EndProject
Global
	GlobalSection(SolutionConfigurationPlatforms) = preSolution
		Debug|Any CPU = Debug|Any CPU
		Release|Any CPU = Release|Any CPU
	EndGlobalSection
	GlobalSection(ProjectConfigurationPlatforms) = postSolution
		{7C32CD34-F6C0-4BA8-AE02-A32D96EFB12A}.Debug|Any CPU.ActiveCfg = Debug|Any CPU
		{7C32CD34-F6C0-4BA8-AE02-A32D96EFB12A}.Debug|Any CPU.Build.0 = Debug|Any CPU
		{7C32CD34-F6C0-4BA8-AE02-A32D96EFB12A}.Release|Any CPU.ActiveCfg = Release|Any CPU
		{7C32CD34-F6C0-4BA8-AE02-A32D96EFB12A}.Release|Any CPU.Build.0 = Release|Any CPU
		{B945475E-F663-4BD5-A826-8A0ED7C1C8EA}.Debug|Any CPU.ActiveCfg = Debug|Any CPU
		{B945475E-F663-4BD5-A826-8A0ED7C1C8EA}.Debug|Any CPU.Build.0 = Debug|Any CPU
		{B945475E-F663-4BD5-A826-8A0ED7C1C8EA}.Release|Any CPU.ActiveCfg = Release|Any CPU
		{B945475E-F663-4BD5-A826-8A0ED7C1C8EA}.Release|Any CPU.Build.0 = Release|Any CPU
		{A363FB35-CE44-41FC-B1D4-193B6D4FDFF8}.Debug|Any CPU.ActiveCfg = Debug|Any CPU
		{A363FB35-CE44-41FC-B1D4-193B6D4FDFF8}.Debug|Any CPU.Build.0 = Debug|Any CPU
		{A363FB35-CE44-41FC-B1D4-193B6D4FDFF8}.Release|Any CPU.ActiveCfg = Release|Any CPU
		{A363FB35-CE44-41FC-B1D4-193B6D4FDFF8}.Release|Any CPU.Build.0 = Release|Any CPU
	EndGlobalSection
	GlobalSection(SolutionProperties) = preSolution
		HideSolutionNode = FALSE
	EndGlobalSection
EndGlobal
